
Microsoft Visual Studio Solution File, Format Version 12.00
# Visual Studio 2013
# UnrealEngineGeneratedSolutionVersion=1.0
Project("{2150E333-8FDC-42A3-9474-1A3956D46DE8}") = "Engine", "Engine", "{CAD4C3C9-F9C7-4609-B277-F1549B9F0136}"
EndProject
Project("{2150E333-8FDC-42A3-9474-1A3956D46DE8}") = "Games", "Games", "{9AED375A-6D4E-4C48-B0B4-DB1D0970FC19}"
EndProject
Project("{8BC9CEB8-8B4A-11D0-8D11-00A0C91BC942}") = "TitanBots", "Intermediate\ProjectFiles\TitanBots.vcxproj", "{589EA73D-D95C-4CA9-88CC-A014767A8B2F}"
EndProject
Project("{8BC9CEB8-8B4A-11D0-8D11-00A0C91BC942}") = "UE4", "Intermediate\ProjectFiles\UE4.vcxproj", "{6D2FAB59-E297-4C2A-BFC1-446C8E14666C}"
EndProject
Global
	GlobalSection(SolutionConfigurationPlatforms) = preSolution
		DebugGame Editor|Win32 = DebugGame Editor|Win32
		DebugGame Editor|Win64 = DebugGame Editor|Win64
		DebugGame|Win32 = DebugGame|Win32
		DebugGame|Win64 = DebugGame|Win64
		Development Editor|Win32 = Development Editor|Win32
		Development Editor|Win64 = Development Editor|Win64
		Development|Win32 = Development|Win32
		Development|Win64 = Development|Win64
		Shipping|Win32 = Shipping|Win32
		Shipping|Win64 = Shipping|Win64
	EndGlobalSection
	GlobalSection(ProjectConfigurationPlatforms) = postSolution
		{589EA73D-D95C-4CA9-88CC-A014767A8B2F}.DebugGame Editor|Win32.ActiveCfg = DebugGame_Editor|Win32
		{589EA73D-D95C-4CA9-88CC-A014767A8B2F}.DebugGame Editor|Win32.Build.0 = DebugGame_Editor|Win32
		{589EA73D-D95C-4CA9-88CC-A014767A8B2F}.DebugGame Editor|Win64.ActiveCfg = DebugGame_Editor|x64
		{589EA73D-D95C-4CA9-88CC-A014767A8B2F}.DebugGame Editor|Win64.Build.0 = DebugGame_Editor|x64
		{589EA73D-D95C-4CA9-88CC-A014767A8B2F}.DebugGame|Win32.ActiveCfg = DebugGame_Game|Win32
		{589EA73D-D95C-4CA9-88CC-A014767A8B2F}.DebugGame|Win32.Build.0 = DebugGame_Game|Win32
		{589EA73D-D95C-4CA9-88CC-A014767A8B2F}.DebugGame|Win64.ActiveCfg = DebugGame_Game|x64
		{589EA73D-D95C-4CA9-88CC-A014767A8B2F}.DebugGame|Win64.Build.0 = DebugGame_Game|x64
		{589EA73D-D95C-4CA9-88CC-A014767A8B2F}.Development Editor|Win32.ActiveCfg = Development_Editor|Win32
		{589EA73D-D95C-4CA9-88CC-A014767A8B2F}.Development Editor|Win32.Build.0 = Development_Editor|Win32
		{589EA73D-D95C-4CA9-88CC-A014767A8B2F}.Development Editor|Win64.ActiveCfg = Development_Editor|x64
		{589EA73D-D95C-4CA9-88CC-A014767A8B2F}.Development Editor|Win64.Build.0 = Development_Editor|x64
		{589EA73D-D95C-4CA9-88CC-A014767A8B2F}.Development|Win32.ActiveCfg = Development_Game|Win32
		{589EA73D-D95C-4CA9-88CC-A014767A8B2F}.Development|Win32.Build.0 = Development_Game|Win32
		{589EA73D-D95C-4CA9-88CC-A014767A8B2F}.Development|Win64.ActiveCfg = Development_Game|x64
		{589EA73D-D95C-4CA9-88CC-A014767A8B2F}.Development|Win64.Build.0 = Development_Game|x64
		{589EA73D-D95C-4CA9-88CC-A014767A8B2F}.Shipping|Win32.ActiveCfg = Shipping_Game|Win32
		{589EA73D-D95C-4CA9-88CC-A014767A8B2F}.Shipping|Win32.Build.0 = Shipping_Game|Win32
		{589EA73D-D95C-4CA9-88CC-A014767A8B2F}.Shipping|Win64.ActiveCfg = Shipping_Game|x64
		{589EA73D-D95C-4CA9-88CC-A014767A8B2F}.Shipping|Win64.Build.0 = Shipping_Game|x64
	EndGlobalSection
	GlobalSection(SolutionProperties) = preSolution
		HideSolutionNode = FALSE
	EndGlobalSection
	GlobalSection(NestedProjects) = preSolution
		{6D2FAB59-E297-4C2A-BFC1-446C8E14666C} = {CAD4C3C9-F9C7-4609-B277-F1549B9F0136}
		{589EA73D-D95C-4CA9-88CC-A014767A8B2F} = {9AED375A-6D4E-4C48-B0B4-DB1D0970FC19}
	EndGlobalSection
EndGlobal
