
Microsoft Visual Studio Solution File, Format Version 12.00
# Visual Studio 2013
VisualStudioVersion = 12.0.21005.1
MinimumVisualStudioVersion = 10.0.40219.1
Project("{2150E333-8FDC-42A3-9474-1A3956D46DE8}") = "Engine", "Engine", "{A4BCB5F7-4B2C-4A2C-941C-79522DA75B77}"
EndProject
Project("{2150E333-8FDC-42A3-9474-1A3956D46DE8}") = "Games", "Games", "{B166FB1A-BB6F-459D-B2C2-2776AAAF7C23}"
EndProject
Project("{8BC9CEB8-8B4A-11D0-8D11-00A0C91BC942}") = "UE4", "Intermediate\ProjectFiles\UE4.vcxproj", "{3984417A-1F87-4E89-85C8-0D9A3EE0E958}"
EndProject
Project("{8BC9CEB8-8B4A-11D0-8D11-00A0C91BC942}") = "TitanBots", "Intermediate\ProjectFiles\TitanBots.vcxproj", "{DDB91AEB-A002-43DC-8B89-DC831A0DD69B}"
EndProject
Global
	GlobalSection(SolutionConfigurationPlatforms) = preSolution
		DebugGame Editor|Android = DebugGame Editor|Android
		DebugGame Editor|Win32 = DebugGame Editor|Win32
		DebugGame Editor|Win64 = DebugGame Editor|Win64
		DebugGame|Android = DebugGame|Android
		DebugGame|Win32 = DebugGame|Win32
		DebugGame|Win64 = DebugGame|Win64
		Development Editor|Android = Development Editor|Android
		Development Editor|Win32 = Development Editor|Win32
		Development Editor|Win64 = Development Editor|Win64
		Development|Android = Development|Android
		Development|Win32 = Development|Win32
		Development|Win64 = Development|Win64
		Shipping|Android = Shipping|Android
		Shipping|Win32 = Shipping|Win32
		Shipping|Win64 = Shipping|Win64
	EndGlobalSection
	GlobalSection(ProjectConfigurationPlatforms) = postSolution
		{3984417A-1F87-4E89-85C8-0D9A3EE0E958}.DebugGame Editor|Android.ActiveCfg = BuiltWithUnrealBuildTool|Win32
		{3984417A-1F87-4E89-85C8-0D9A3EE0E958}.DebugGame Editor|Win32.ActiveCfg = BuiltWithUnrealBuildTool|Win32
		{3984417A-1F87-4E89-85C8-0D9A3EE0E958}.DebugGame Editor|Win32.Build.0 = BuiltWithUnrealBuildTool|Win32
		{3984417A-1F87-4E89-85C8-0D9A3EE0E958}.DebugGame Editor|Win64.ActiveCfg = BuiltWithUnrealBuildTool|Win32
		{3984417A-1F87-4E89-85C8-0D9A3EE0E958}.DebugGame|Android.ActiveCfg = BuiltWithUnrealBuildTool|Win32
		{3984417A-1F87-4E89-85C8-0D9A3EE0E958}.DebugGame|Win32.ActiveCfg = BuiltWithUnrealBuildTool|Win32
		{3984417A-1F87-4E89-85C8-0D9A3EE0E958}.DebugGame|Win32.Build.0 = BuiltWithUnrealBuildTool|Win32
		{3984417A-1F87-4E89-85C8-0D9A3EE0E958}.DebugGame|Win64.ActiveCfg = BuiltWithUnrealBuildTool|Win32
		{3984417A-1F87-4E89-85C8-0D9A3EE0E958}.Development Editor|Android.ActiveCfg = BuiltWithUnrealBuildTool|Win32
		{3984417A-1F87-4E89-85C8-0D9A3EE0E958}.Development Editor|Win32.ActiveCfg = BuiltWithUnrealBuildTool|Win32
		{3984417A-1F87-4E89-85C8-0D9A3EE0E958}.Development Editor|Win32.Build.0 = BuiltWithUnrealBuildTool|Win32
		{3984417A-1F87-4E89-85C8-0D9A3EE0E958}.Development Editor|Win64.ActiveCfg = BuiltWithUnrealBuildTool|Win32
		{3984417A-1F87-4E89-85C8-0D9A3EE0E958}.Development|Android.ActiveCfg = BuiltWithUnrealBuildTool|Win32
		{3984417A-1F87-4E89-85C8-0D9A3EE0E958}.Development|Win32.ActiveCfg = BuiltWithUnrealBuildTool|Win32
		{3984417A-1F87-4E89-85C8-0D9A3EE0E958}.Development|Win32.Build.0 = BuiltWithUnrealBuildTool|Win32
		{3984417A-1F87-4E89-85C8-0D9A3EE0E958}.Development|Win64.ActiveCfg = BuiltWithUnrealBuildTool|Win32
		{3984417A-1F87-4E89-85C8-0D9A3EE0E958}.Shipping|Android.ActiveCfg = BuiltWithUnrealBuildTool|Win32
		{3984417A-1F87-4E89-85C8-0D9A3EE0E958}.Shipping|Win32.ActiveCfg = BuiltWithUnrealBuildTool|Win32
		{3984417A-1F87-4E89-85C8-0D9A3EE0E958}.Shipping|Win32.Build.0 = BuiltWithUnrealBuildTool|Win32
		{3984417A-1F87-4E89-85C8-0D9A3EE0E958}.Shipping|Win64.ActiveCfg = BuiltWithUnrealBuildTool|Win32
		{DDB91AEB-A002-43DC-8B89-DC831A0DD69B}.DebugGame Editor|Android.ActiveCfg = DebugGame_Editor|Tegra-Android
		{DDB91AEB-A002-43DC-8B89-DC831A0DD69B}.DebugGame Editor|Android.Build.0 = DebugGame_Editor|Tegra-Android
		{DDB91AEB-A002-43DC-8B89-DC831A0DD69B}.DebugGame Editor|Win32.ActiveCfg = DebugGame_Editor|Win32
		{DDB91AEB-A002-43DC-8B89-DC831A0DD69B}.DebugGame Editor|Win32.Build.0 = DebugGame_Editor|Win32
		{DDB91AEB-A002-43DC-8B89-DC831A0DD69B}.DebugGame Editor|Win64.ActiveCfg = DebugGame_Editor|x64
		{DDB91AEB-A002-43DC-8B89-DC831A0DD69B}.DebugGame Editor|Win64.Build.0 = DebugGame_Editor|x64
		{DDB91AEB-A002-43DC-8B89-DC831A0DD69B}.DebugGame|Android.ActiveCfg = DebugGame_Game|Tegra-Android
		{DDB91AEB-A002-43DC-8B89-DC831A0DD69B}.DebugGame|Android.Build.0 = DebugGame_Game|Tegra-Android
		{DDB91AEB-A002-43DC-8B89-DC831A0DD69B}.DebugGame|Win32.ActiveCfg = DebugGame_Game|Win32
		{DDB91AEB-A002-43DC-8B89-DC831A0DD69B}.DebugGame|Win32.Build.0 = DebugGame_Game|Win32
		{DDB91AEB-A002-43DC-8B89-DC831A0DD69B}.DebugGame|Win64.ActiveCfg = DebugGame_Game|x64
		{DDB91AEB-A002-43DC-8B89-DC831A0DD69B}.DebugGame|Win64.Build.0 = DebugGame_Game|x64
		{DDB91AEB-A002-43DC-8B89-DC831A0DD69B}.Development Editor|Android.ActiveCfg = Development_Editor|Tegra-Android
		{DDB91AEB-A002-43DC-8B89-DC831A0DD69B}.Development Editor|Android.Build.0 = Development_Editor|Tegra-Android
		{DDB91AEB-A002-43DC-8B89-DC831A0DD69B}.Development Editor|Win32.ActiveCfg = Development_Editor|Win32
		{DDB91AEB-A002-43DC-8B89-DC831A0DD69B}.Development Editor|Win32.Build.0 = Development_Editor|Win32
		{DDB91AEB-A002-43DC-8B89-DC831A0DD69B}.Development Editor|Win64.ActiveCfg = Development_Editor|x64
		{DDB91AEB-A002-43DC-8B89-DC831A0DD69B}.Development Editor|Win64.Build.0 = Development_Editor|x64
		{DDB91AEB-A002-43DC-8B89-DC831A0DD69B}.Development|Android.ActiveCfg = Development_Game|Tegra-Android
		{DDB91AEB-A002-43DC-8B89-DC831A0DD69B}.Development|Android.Build.0 = Development_Game|Tegra-Android
		{DDB91AEB-A002-43DC-8B89-DC831A0DD69B}.Development|Win32.ActiveCfg = Development_Game|Win32
		{DDB91AEB-A002-43DC-8B89-DC831A0DD69B}.Development|Win32.Build.0 = Development_Game|Win32
		{DDB91AEB-A002-43DC-8B89-DC831A0DD69B}.Development|Win64.ActiveCfg = Development_Game|x64
		{DDB91AEB-A002-43DC-8B89-DC831A0DD69B}.Development|Win64.Build.0 = Development_Game|x64
		{DDB91AEB-A002-43DC-8B89-DC831A0DD69B}.Shipping|Android.ActiveCfg = Shipping_Game|Tegra-Android
		{DDB91AEB-A002-43DC-8B89-DC831A0DD69B}.Shipping|Android.Build.0 = Shipping_Game|Tegra-Android
		{DDB91AEB-A002-43DC-8B89-DC831A0DD69B}.Shipping|Win32.ActiveCfg = Shipping_Game|Win32
		{DDB91AEB-A002-43DC-8B89-DC831A0DD69B}.Shipping|Win32.Build.0 = Shipping_Game|Win32
		{DDB91AEB-A002-43DC-8B89-DC831A0DD69B}.Shipping|Win64.ActiveCfg = Shipping_Game|x64
		{DDB91AEB-A002-43DC-8B89-DC831A0DD69B}.Shipping|Win64.Build.0 = Shipping_Game|x64
	EndGlobalSection
	GlobalSection(SolutionProperties) = preSolution
		HideSolutionNode = FALSE
	EndGlobalSection
	GlobalSection(NestedProjects) = preSolution
		{3984417A-1F87-4E89-85C8-0D9A3EE0E958} = {A4BCB5F7-4B2C-4A2C-941C-79522DA75B77}
		{DDB91AEB-A002-43DC-8B89-DC831A0DD69B} = {B166FB1A-BB6F-459D-B2C2-2776AAAF7C23}
	EndGlobalSection
EndGlobal
